{
	"name": "rabbit-builder",
	"version": "1.0.0",
	"lockfileVersion": 3,
	"requires": true,
	"packages": {
		"": {
			"name": "rabbit-builder",
			"version": "1.0.0",
			"license": "GPL-3.0",
			"dependencies": {
				"chalk": "^5.2.0",
				"fs-extra": "^11.1.0",
				"multi-progress-bars": "^5.0.3"
			},
			"bin": {
				"rabbit-builder": "bin/index.mjs"
			}
		},
		"node_modules/chalk": {
			"version": "5.2.0",
			"resolved": "https://registry.npmjs.org/chalk/-/chalk-5.2.0.tgz",
			"integrity": "sha512-ree3Gqw/nazQAPuJJEy+avdl7QfZMcUvmHIKgEZkGL+xOBzRvup5Hxo6LHuMceSxOabuJLJm5Yp/92R9eMmMvA==",
			"engines": {
				"node": "^12.17.0 || ^14.13 || >=16.0.0"
			},
			"funding": {
				"url": "https://github.com/chalk/chalk?sponsor=1"
			}
		},
		"node_modules/eastasianwidth": {
			"version": "0.2.0",
			"resolved": "https://registry.npmjs.org/eastasianwidth/-/eastasianwidth-0.2.0.tgz",
			"integrity": "sha512-I88TYZWc9XiYHRQ4/3c5rjjfgkjhLyW2luGIheGERbNQ6OY7yTybanSpDXZa8y7VUP9YmDcYa+eyq4ca7iLqWA=="
		},
		"node_modules/fs-extra": {
			"version": "11.1.0",
			"resolved": "https://registry.npmjs.org/fs-extra/-/fs-extra-11.1.0.tgz",
			"integrity": "sha512-0rcTq621PD5jM/e0a3EJoGC/1TC5ZBCERW82LQuwfGnCa1V8w7dpYH1yNu+SLb6E5dkeCBzKEyLGlFrnr+dUyw==",
			"dependencies": {
				"graceful-fs": "^4.2.0",
				"jsonfile": "^6.0.1",
				"universalify": "^2.0.0"
			},
			"engines": {
				"node": ">=14.14"
			}
		},
		"node_modules/graceful-fs": {
			"version": "4.2.10",
			"resolved": "https://registry.npmjs.org/graceful-fs/-/graceful-fs-4.2.10.tgz",
			"integrity": "sha512-9ByhssR2fPVsNZj478qUUbKfmL0+t5BDVyjShtyZZLiK7ZDAArFFfopyOTj0M05wE2tJPisA4iTnnXl2YoPvOA=="
		},
		"node_modules/jsonfile": {
			"version": "6.1.0",
			"resolved": "https://registry.npmjs.org/jsonfile/-/jsonfile-6.1.0.tgz",
			"integrity": "sha512-5dgndWOriYSm5cnYaJNhalLNDKOqFwyDB/rr1E9ZsGciGvKPs8R2xYGCacuf3z6K1YKDz182fd+fY3cn3pMqXQ==",
			"dependencies": {
				"universalify": "^2.0.0"
			},
			"optionalDependencies": {
				"graceful-fs": "^4.1.6"
			}
		},
		"node_modules/multi-progress-bars": {
			"version": "5.0.3",
			"resolved": "https://registry.npmjs.org/multi-progress-bars/-/multi-progress-bars-5.0.3.tgz",
			"integrity": "sha512-/EzDF3NVeYTFLoLQ33fgvM6933rS2MZlEPWBivsc94Y/lj2xpWOs/DpJrCG+XrPOo4/P6DW+oxZyKnRKw0d/nQ==",
			"dependencies": {
				"chalk": "^5.2.0",
				"string-width": "5.1.2",
				"strip-ansi": "7.0.1"
			},
			"engines": {
				"node": ">14.18.0"
			}
		},
		"node_modules/multi-progress-bars/node_modules/ansi-regex": {
			"version": "6.0.1",
			"resolved": "https://registry.npmjs.org/ansi-regex/-/ansi-regex-6.0.1.tgz",
			"integrity": "sha512-n5M855fKb2SsfMIiFFoVrABHJC8QtHwVx+mHWP3QcEqBHYienj5dHSgjbxtC0WEZXYt4wcD6zrQElDPhFuZgfA==",
			"engines": {
				"node": ">=12"
			},
			"funding": {
				"url": "https://github.com/chalk/ansi-regex?sponsor=1"
			}
		},
		"node_modules/multi-progress-bars/node_modules/emoji-regex": {
			"version": "9.2.2",
			"resolved": "https://registry.npmjs.org/emoji-regex/-/emoji-regex-9.2.2.tgz",
			"integrity": "sha512-L18DaJsXSUk2+42pv8mLs5jJT2hqFkFE4j21wOmgbUqsZ2hL72NsUU785g9RXgo3s0ZNgVl42TiHp3ZtOv/Vyg=="
		},
		"node_modules/multi-progress-bars/node_modules/string-width": {
			"version": "5.1.2",
			"resolved": "https://registry.npmjs.org/string-width/-/string-width-5.1.2.tgz",
			"integrity": "sha512-HnLOCR3vjcY8beoNLtcjZ5/nxn2afmME6lhrDrebokqMap+XbeW8n9TXpPDOqdGK5qcI3oT0GKTW6wC7EMiVqA==",
			"dependencies": {
				"eastasianwidth": "^0.2.0",
				"emoji-regex": "^9.2.2",
				"strip-ansi": "^7.0.1"
			},
			"engines": {
				"node": ">=12"
			},
			"funding": {
				"url": "https://github.com/sponsors/sindresorhus"
			}
		},
		"node_modules/multi-progress-bars/node_modules/strip-ansi": {
			"version": "7.0.1",
			"resolved": "https://registry.npmjs.org/strip-ansi/-/strip-ansi-7.0.1.tgz",
			"integrity": "sha512-cXNxvT8dFNRVfhVME3JAe98mkXDYN2O1l7jmcwMnOslDeESg1rF/OZMtK0nRAhiari1unG5cD4jG3rapUAkLbw==",
			"dependencies": {
				"ansi-regex": "^6.0.1"
			},
			"engines": {
				"node": ">=12"
			},
			"funding": {
				"url": "https://github.com/chalk/strip-ansi?sponsor=1"
			}
		},
		"node_modules/universalify": {
			"version": "2.0.0",
			"resolved": "https://registry.npmjs.org/universalify/-/universalify-2.0.0.tgz",
			"integrity": "sha512-hAZsKq7Yy11Zu1DE0OzWjw7nnLZmJZYTDZZyEFHZdUhV8FkH5MCfoU1XMaxXovpyW5nq5scPqq0ZDP9Zyl04oQ==",
			"engines": {
				"node": ">= 10.0.0"
			}
		}
	}
}
